github.com/aws/aws-lambda-go v1.47.0 h1:0H8s0vumYx/YKs4sE7YM0ktwL2eWse+kfopsRI1sXVI=
github.com/aws/aws-lambda-go v1.47.0/go.mod h1:dpMpZgvWx5vuQJfBt0zqBha60q7Dd7RfgJv23DymV8A=
github.com/aws/aws-sdk-go-v2 v1.36.5 h1:0OF9RiEMEdDdZEMqF9MRjevyxAQcf6gY+E7vwBILFj0=
github.com/aws/aws-sdk-go-v2 v1.36.5/go.mod h1:EYrzvCCN9CMUTa5+6lf6MM4tq3Zjp8UhSGR/cBsjai0=
github.com/aws/aws-sdk-go-v2/aws/protocol/eventstream v1.6.3 h1:tW1/Rkad38LA15X4UQtjXZXNKsCgkshC3EbmcUmghTg=
github.com/aws/aws-sdk-go-v2/aws/protocol/eventstream v1.6.3/go.mod h1:UbnqO+zjqk3uIt9yCACHJ9IVNhyhOCnYk8yA19SAWrM=
github.com/aws/aws-sdk-go-v2/config v1.27.24 h1:NM9XicZ5o1CBU/MZaHwFtimRpWx9ohAUAqkG6AqSqPo=
github.com/aws/aws-sdk-go-v2/config v1.27.24/go.mod h1:aXzi6QJTuQRVVusAO8/NxpdTeTyr/wRcybdDtfUwJSs=
github.com/aws/aws-sdk-go-v2/credentials v1.17.24 h1:YclAsrnb1/GTQNt2nzv+756Iw4mF8AOzcDfweWwwm/M=
github.com/aws/aws-sdk-go-v2/credentials v1.17.24/go.mod h1:Hld7tmnAkoBQdTMNYZGzztzKRdA4fCdn9L83LOoigac=
github.com/aws/aws-sdk-go-v2/feature/dynamodb/attributevalue v1.14.7 h1:pPhmvNKbgb9l5VHcPmMx9g+FHtRbY+ba2J6GefXQGEI=
github.com/aws/aws-sdk-go-v2/feature/dynamodb/attributevalue v1.14.7/go.mod h1:OZU7QRvIYXhKry99PttkDTQyN8yCo8RzYjhIKHdQXoo=
github.com/aws/aws-sdk-go-v2/feature/dynamodb/expression v1.7.29 h1:yDORZU3cs4TDIS2TCgURxQSydQ52ZXwTZpUL9eqR5HQ=
github.com/aws/aws-sdk-go-v2/feature/dynamodb/expression v1.7.29/go.mod h1:Dh4QkDoVpYffQFAEsGbKcWbiu4ifu+viPSINE5IDc3k=
github.com/aws/aws-sdk-go-v2/feature/ec2/imds v1.16.9 h1:Aznqksmd6Rfv2HQN9cpqIV/lQRMaIpJkLLaJ1ZI76no=
github.com/aws/aws-sdk-go-v2/feature/ec2/imds v1.16.9/go.mod h1:WQr3MY7AxGNxaqAtsDWn+fBxmd4XvLkzeqQ8P1VM0/w=
github.com/aws/aws-sdk-go-v2/internal/configsources v1.3.36 h1:SsytQyTMHMDPspp+spo7XwXTP44aJZZAC7fBV2C5+5s=
github.com/aws/aws-sdk-go-v2/internal/configsources v1.3.36/go.mod h1:Q1lnJArKRXkenyog6+Y+zr7WDpk4e6XlR6gs20bbeNo=
github.com/aws/aws-sdk-go-v2/internal/endpoints/v2 v2.6.36 h1:i2vNHQiXUvKhs3quBR6aqlgJaiaexz/aNvdCktW/kAM=
github.com/aws/aws-sdk-go-v2/internal/endpoints/v2 v2.6.36/go.mod h1:UdyGa7Q91id/sdyHPwth+043HhmP6yP9MBHgbZM0xo8=
github.com/aws/aws-sdk-go-v2/internal/ini v1.8.0 h1:hT8rVHwugYE2lEfdFE0QWVo81lF7jMrYJVDWI+f+VxU=
github.com/aws/aws-sdk-go-v2/internal/ini v1.8.0/go.mod h1:8tu/lYfQfFe6IGnaOdrpVgEL2IrrDOf6/m9RQum4NkY=
github.com/aws/aws-sdk-go-v2/service/dynamodb v1.44.0 h1:A99gjqZDbdhjtjJVZrmVzVKO2+p3MSg35bDWtbMQVxw=
github.com/aws/aws-sdk-go-v2/service/dynamodb v1.44.0/go.mod h1:mWB0GE1bqcVSvpW7OtFA0sKuHk52+IqtnsYU2jUfYAs=
github.com/aws/aws-sdk-go-v2/service/dynamodbstreams v1.22.1 h1:jfkCLx62YWL6bSOkT7aEDKNAX3OwWomlThCxQNBPvbY=
github.com/aws/aws-sdk-go-v2/service/dynamodbstreams v1.22.1/go.mod h1:dLPiMfhRZhblwOeKqdNde7K9jl/pMuIGCGAwC6vQOIo=
github.com/aws/aws-sdk-go-v2/service/internal/accept-encoding v1.12.4 h1:CXV68E2dNqhuynZJPB80bhPQwAKqBWVer887figW6Jc=
github.com/aws/aws-sdk-go-v2/service/internal/accept-encoding v1.12.4/go.mod h1:/xFi9KtvBXP97ppCz1TAEvU1Uf66qvid89rbem3wCzQ=
github.com/aws/aws-sdk-go-v2/service/internal/endpoint-discovery v1.10.17 h1:x187MqiHwBGjMGAed8Y8K1VGuCtFvQvXb24r+bwmSdo=
github.com/aws/aws-sdk-go-v2/service/internal/endpoint-discovery v1.10.17/go.mod h1:mC9qMbA6e1pwEq6X3zDGtZRXMG2YaElJkbJlMVHLs5I=
github.com/aws/aws-sdk-go-v2/service/internal/presigned-url v1.11.15 h1:I9zMeF107l0rJrpnHpjEiiTSCKYAIw8mALiXcPsGBiA=
github.com/aws/aws-sdk-go-v2/service/internal/presigned-url v1.11.15/go.mod h1:9xWJ3Q/S6Ojusz1UIkfycgD1mGirJfLLKqq3LPT7WN8=
github.com/aws/aws-sdk-go-v2/service/lambda v1.56.3 h1:r/y4nQOln25cbjrD8Wmzhhvnvr2ObPjgcPvPdoU9yHs=
github.com/aws/aws-sdk-go-v2/service/lambda v1.56.3/go.mod h1:/4Vaddp+wJc1AA8ViAqwWKAcYykPV+ZplhmLQuq3RbQ=
github.com/aws/aws-sdk-go-v2/service/sso v1.22.1 h1:p1GahKIjyMDZtiKoIn0/jAj/TkMzfzndDv5+zi2Mhgc=
github.com/aws/aws-sdk-go-v2/service/sso v1.22.1/go.mod h1:/vWdhoIoYA5hYoPZ6fm7Sv4d8701PiG5VKe8/pPJL60=
github.com/aws/aws-sdk-go-v2/service/ssooidc v1.26.2 h1:ORnrOK0C4WmYV/uYt3koHEWBLYsRDwk2Np+eEoyV4Z0=
github.com/aws/aws-sdk-go-v2/service/ssooidc v1.26.2/go.mod h1:xyFHA4zGxgYkdD73VeezHt3vSKEG9EmFnGwoKlP00u4=
github.com/aws/aws-sdk-go-v2/service/sts v1.30.1 h1:+woJ607dllHJQtsnJLi52ycuqHMwlW+Wqm2Ppsfp4nQ=
github.com/aws/aws-sdk-go-v2/service/sts v1.30.1/go.mod h1:jiNR3JqT15Dm+QWq2SRgh0x0bCNSRP2L25+CqPNpJlQ=
github.com/aws/smithy-go v1.22.4 h1:uqXzVZNuNexwc/xrh6Tb56u89WDlJY6HS+KC0S4QSjw=
github.com/aws/smithy-go v1.22.4/go.mod h1:t1ufH5HMublsJYulve2RKmHDC15xu1f26kHCp/HgceI=
github.com/cenkalti/backoff/v4 v4.3.0 h1:MyRJ/UdXutAwSAT+s3wNd7MfTIcy71VQueUuFK343L8=
github.com/cenkalti/backoff/v4 v4.3.0/go.mod h1:Y3VNntkOUPxTVeUxJ/G5vcM//AlwfmyYozVcomhLiZE=
github.com/davecgh/go-spew v1.1.0/go.mod h1:J7Y8YcW2NihsgmVo/mv3lAwl/skON4iLHjSsI+c5H38=
github.com/davecgh/go-spew v1.1.1 h1:vj9j/u1bqnvCEfJOwUhtlOARqs3+rkHYY13jYWTU97c=
github.com/davecgh/go-spew v1.1.1/go.mod h1:J7Y8YcW2NihsgmVo/mv3lAwl/skON4iLHjSsI+c5H38=
github.com/google/uuid v1.6.0 h1:NIvaJDMOsjHA8n1jAhLSgzrAzy1Hgr+hNrb57e+94F0=
github.com/google/uuid v1.6.0/go.mod h1:TIyPZe4MgqvfeYDBFedMoGGpEw/LqOeaOT+nhxU+yHo=
github.com/jmespath/go-jmespath v0.4.0 h1:BEgLn5cpjn8UN1mAw4NjwDrS35OdebyEtFe+9YPoQUg=
github.com/jmespath/go-jmespath v0.4.0/go.mod h1:T8mJZnbsbmF+m6zOOFylbeCJqk5+pHWvzYPziyZiYoo=
github.com/jmespath/go-jmespath/internal/testify v1.5.1 h1:shLQSRRSCCPj3f2gpwzGwWFoC7ycTf1rcQZHOlsJ6N8=
github.com/jmespath/go-jmespath/internal/testify v1.5.1/go.mod h1:L3OGu8Wl2/fWfCI6z80xFu9LTZmf1ZRjMHUOPmWr69U=
github.com/pmezard/go-difflib v1.0.0 h1:4DBwDE0NGyQoBHbLQYPwSUPoCMWR5BEzIk/f1lZbAQM=
github.com/pmezard/go-difflib v1.0.0/go.mod h1:iKH77koFhYxTK1pcRnkKkqfTogsbg7gZNVY4sRDYZ/4=
github.com/stretchr/objx v0.1.0/go.mod h1:HFkY916IF+rwdDfMAkV7OtwuqBVzrE8GR6GFx+wExME=
github.com/stretchr/testify v1.7.2 h1:4jaiDzPyXQvSd7D0EjG45355tLlV3VOECpq10pLC+8s=
github.com/stretchr/testify v1.7.2/go.mod h1:R6va5+xMeoiuVRoj+gSkQ7d3FALtqAAGI1FQKckRals=
gopkg.in/check.v1 v0.0.0-20161208181325-20d25e280405/go.mod h1:Co6ibVJAznAaIkqp8huTwlJQCZ016jof/cbN4VW5Yz0=
gopkg.in/yaml.v2 v2.2.8 h1:obN1ZagJSUGI0Ek/LBmuj4SNLPfIny3KsKFopxRdj10=
gopkg.in/yaml.v2 v2.2.8/go.mod h1:hI93XBmqTisBFMUTm0b8Fm+jr3Dg1NNxqwp+5A1VGuI=
gopkg.in/yaml.v3 v3.0.1 h1:fxVm/GzAzEWqLHuvctI91KS9hhNmmWOoWu0XTYJS7CA=
gopkg.in/yaml.v3 v3.0.1/go.mod h1:K4uyk7z7BCEPqu6E+C64Yfv1cQ7kz7rIZviUmN+EgEM=
